{
  "lockfileVersion": 1,
  "configVersion": 1,
  "workspaces": {
    "": {
      "name": "@swordfern/interface",
      "dependencies": {
        "uuid": "^14.0.0",
      },
    },
  },
  "packages": {
    "uuid": ["uuid@14.0.0", "", { "bin": { "uuid": "dist-node/bin/uuid" } }, "sha512-Qo+uWgilfSmAhXCMav1uYFynlQO7fMFiMVZsQqZRMIXp0O7rR7qjkj+cPvBHLgBqi960QCoo/PH2/6ZtVqKvrg=="],
  }
}
